
Microsoft Visual Studio Solution File, Format Version 12.00
# Visual Studio Version 16
VisualStudioVersion = 16.0.29411.108
MinimumVisualStudioVersion = 10.0.40219.1
Project("{FAE04EC0-301F-11D3-BF4B-00C04F79EFBC}") = "CourseLibrary.API", "CourseLibrary.API\CourseLibrary.API.csproj", "{3EF24CEF-E76C-4EAA-A2F8-2B5EACFE8752}"
EndProject
Global
	GlobalSection(SolutionConfigurationPlatforms) = preSolution
		Debug|Any CPU = Debug|Any CPU
		Release|Any CPU = Release|Any CPU
	EndGlobalSection
	GlobalSection(ProjectConfigurationPlatforms) = postSolution
		{3EF24CEF-E76C-4EAA-A2F8-2B5EACFE8752}.Debug|Any CPU.ActiveCfg = Debug|Any CPU
		{3EF24CEF-E76C-4EAA-A2F8-2B5EACFE8752}.Debug|Any CPU.Build.0 = Debug|Any CPU
		{3EF24CEF-E76C-4EAA-A2F8-2B5EACFE8752}.Release|Any CPU.ActiveCfg = Release|Any CPU
		{3EF24CEF-E76C-4EAA-A2F8-2B5EACFE8752}.Release|Any CPU.Build.0 = Release|Any CPU
	EndGlobalSection
	GlobalSection(SolutionProperties) = preSolution
		HideSolutionNode = FALSE
	EndGlobalSection
	GlobalSection(ExtensibilityGlobals) = postSolution
		SolutionGuid = {80416207-E688-41B3-BA1A-8B3024E4FA05}
	EndGlobalSection
EndGlobal
